// !$*UTF8*$!
{
	archiveVersion = 1;
	classes = {
	};
	objectVersion = 51;
	objects = {

/* Begin PBXBuildFile section */
		06A83EE1CC5AE793C9B7A78B /* Pods_Flixster_FlixsterUITests.framework in Frameworks */ = {isa = PBXBuildFile; fileRef = 7A1A691F0785691F72C96C41 /* Pods_Flixster_FlixsterUITests.framework */; };
		36079F4BBC8F3B6B55FBC74E /* Pods_FlixsterTests.framework in Frameworks */ = {isa = PBXBuildFile; fileRef = 08830E3094595ABB17764265 /* Pods_FlixsterTests.framework */; };
		90CFBE493A24E49BE6EAC6E9 /* Pods_Flixster.framework in Frameworks */ = {isa = PBXBuildFile; fileRef = EAA563C8D5F25BCFC95F471A /* Pods_Flixster.framework */; };
		F32C891E254D902200911FB7 /* MovieDetailsViewController.swift in Sources */ = {isa = PBXBuildFile; fileRef = F32C891D254D902200911FB7 /* MovieDetailsViewController.swift */; };
		F32C8923254E129000911FB7 /* MovieGridViewController.swift in Sources */ = {isa = PBXBuildFile; fileRef = F32C8922254E129000911FB7 /* MovieGridViewController.swift */; };
		F32C8928254E5B5B00911FB7 /* MovieGridCell.swift in Sources */ = {isa = PBXBuildFile; fileRef = F32C8927254E5B5B00911FB7 /* MovieGridCell.swift */; };
		F34DA8362543E64E00D23473 /* AppDelegate.swift in Sources */ = {isa = PBXBuildFile; fileRef = F34DA8352543E64E00D23473 /* AppDelegate.swift */; };
		F34DA8382543E64E00D23473 /* SceneDelegate.swift in Sources */ = {isa = PBXBuildFile; fileRef = F34DA8372543E64E00D23473 /* SceneDelegate.swift */; };
		F34DA83D2543E64E00D23473 /* Main.storyboard in Resources */ = {isa = PBXBuildFile; fileRef = F34DA83B2543E64E00D23473 /* Main.storyboard */; };
		F34DA83F2543E65000D23473 /* Assets.xcassets in Resources */ = {isa = PBXBuildFile; fileRef = F34DA83E2543E65000D23473 /* Assets.xcassets */; };
		F34DA8422543E65000D23473 /* LaunchScreen.storyboard in Resources */ = {isa = PBXBuildFile; fileRef = F34DA8402543E65000D23473 /* LaunchScreen.storyboard */; };
		F34DA84D2543E65000D23473 /* FlixsterTests.swift in Sources */ = {isa = PBXBuildFile; fileRef = F34DA84C2543E65000D23473 /* FlixsterTests.swift */; };
		F34DA8582543E65000D23473 /* FlixsterUITests.swift in Sources */ = {isa = PBXBuildFile; fileRef = F34DA8572543E65000D23473 /* FlixsterUITests.swift */; };
		F34DA86C2543E96A00D23473 /* MoviesViewController.swift in Sources */ = {isa = PBXBuildFile; fileRef = F34DA86B2543E96A00D23473 /* MoviesViewController.swift */; };
		F34DA8712543F54600D23473 /* MovieCell.swift in Sources */ = {isa = PBXBuildFile; fileRef = F34DA8702543F54600D23473 /* MovieCell.swift */; };
/* End PBXBuildFile section */

/* Begin PBXContainerItemProxy section */
		F34DA8492543E65000D23473 /* PBXContainerItemProxy */ = {
			isa = PBXContainerItemProxy;
			containerPortal = F34DA82A2543E64E00D23473 /* Project object */;
			proxyType = 1;
			remoteGlobalIDString = F34DA8312543E64E00D23473;
			remoteInfo = Flixster;
		};
		F34DA8542543E65000D23473 /* PBXContainerItemProxy */ = {
			isa = PBXContainerItemProxy;
			containerPortal = F34DA82A2543E64E00D23473 /* Project object */;
			proxyType = 1;
			remoteGlobalIDString = F34DA8312543E64E00D23473;
			remoteInfo = Flixster;
		};
/* End PBXContainerItemProxy section */

/* Begin PBXFileReference section */
		08830E3094595ABB17764265 /* Pods_FlixsterTests.framework */ = {isa = PBXFileReference; explicitFileType = wrapper.framework; includeInIndex = 0; path = Pods_FlixsterTests.framework; sourceTree = BUILT_PRODUCTS_DIR; };
		497E9CD70AE047837315A0E0 /* Pods-Flixster-FlixsterUITests.debug.xcconfig */ = {isa = PBXFileReference; includeInIndex = 1; lastKnownFileType = text.xcconfig; name = "Pods-Flixster-FlixsterUITests.debug.xcconfig"; path = "Target Support Files/Pods-Flixster-FlixsterUITests/Pods-Flixster-FlixsterUITests.debug.xcconfig"; sourceTree = "<group>"; };
		6122DD7791DC174C890ADB54 /* Pods-Flixster.release.xcconfig */ = {isa = PBXFileReference; includeInIndex = 1; lastKnownFileType = text.xcconfig; name = "Pods-Flixster.release.xcconfig"; path = "Target Support Files/Pods-Flixster/Pods-Flixster.release.xcconfig"; sourceTree = "<group>"; };
		69E1E90C2F3C0F49F47B1027 /* Pods-Flixster.debug.xcconfig */ = {isa = PBXFileReference; includeInIndex = 1; lastKnownFileType = text.xcconfig; name = "Pods-Flixster.debug.xcconfig"; path = "Target Support Files/Pods-Flixster/Pods-Flixster.debug.xcconfig"; sourceTree = "<group>"; };
		7A1A691F0785691F72C96C41 /* Pods_Flixster_FlixsterUITests.framework */ = {isa = PBXFileReference; explicitFileType = wrapper.framework; includeInIndex = 0; path = Pods_Flixster_FlixsterUITests.framework; sourceTree = BUILT_PRODUCTS_DIR; };
		8AC1830C741AA18F58D2AA98 /* Pods-FlixsterTests.release.xcconfig */ = {isa = PBXFileReference; includeInIndex = 1; lastKnownFileType = text.xcconfig; name = "Pods-FlixsterTests.release.xcconfig"; path = "Target Support Files/Pods-FlixsterTests/Pods-FlixsterTests.release.xcconfig"; sourceTree = "<group>"; };
		9FFB6BE8B886594958458588 /* Pods-Flixster-FlixsterUITests.release.xcconfig */ = {isa = PBXFileReference; includeInIndex = 1; lastKnownFileType = text.xcconfig; name = "Pods-Flixster-FlixsterUITests.release.xcconfig"; path = "Target Support Files/Pods-Flixster-FlixsterUITests/Pods-Flixster-FlixsterUITests.release.xcconfig"; sourceTree = "<group>"; };
		E36E70E90DA42B329EEFE918 /* Pods-FlixsterTests.debug.xcconfig */ = {isa = PBXFileReference; includeInIndex = 1; lastKnownFileType = text.xcconfig; name = "Pods-FlixsterTests.debug.xcconfig"; path = "Target Support Files/Pods-FlixsterTests/Pods-FlixsterTests.debug.xcconfig"; sourceTree = "<group>"; };
		EAA563C8D5F25BCFC95F471A /* Pods_Flixster.framework */ = {isa = PBXFileReference; explicitFileType = wrapper.framework; includeInIndex = 0; path = Pods_Flixster.framework; sourceTree = BUILT_PRODUCTS_DIR; };
		F32C891D254D902200911FB7 /* MovieDetailsViewController.swift */ = {isa = PBXFileReference; lastKnownFileType = sourcecode.swift; path = MovieDetailsViewController.swift; sourceTree = "<group>"; };
		F32C8922254E129000911FB7 /* MovieGridViewController.swift */ = {isa = PBXFileReference; lastKnownFileType = sourcecode.swift; path = MovieGridViewController.swift; sourceTree = "<group>"; };
		F32C8927254E5B5B00911FB7 /* MovieGridCell.swift */ = {isa = PBXFileReference; lastKnownFileType = sourcecode.swift; path = MovieGridCell.swift; sourceTree = "<group>"; };
		F34DA8322543E64E00D23473 /* Flixster.app */ = {isa = PBXFileReference; explicitFileType = wrapper.application; includeInIndex = 0; path = Flixster.app; sourceTree = BUILT_PRODUCTS_DIR; };
		F34DA8352543E64E00D23473 /* AppDelegate.swift */ = {isa = PBXFileReference; lastKnownFileType = sourcecode.swift; path = AppDelegate.swift; sourceTree = "<group>"; };
		F34DA8372543E64E00D23473 /* SceneDelegate.swift */ = {isa = PBXFileReference; lastKnownFileType = sourcecode.swift; path = SceneDelegate.swift; sourceTree = "<group>"; };
		F34DA83C2543E64E00D23473 /* Base */ = {isa = PBXFileReference; lastKnownFileType = file.storyboard; name = Base; path = Base.lproj/Main.storyboard; sourceTree = "<group>"; };
		F34DA83E2543E65000D23473 /* Assets.xcassets */ = {isa = PBXFileReference; lastKnownFileType = folder.assetcatalog; path = Assets.xcassets; sourceTree = "<group>"; };
		F34DA8412543E65000D23473 /* Base */ = {isa = PBXFileReference; lastKnownFileType = file.storyboard; name = Base; path = Base.lproj/LaunchScreen.storyboard; sourceTree = "<group>"; };
		F34DA8432543E65000D23473 /* Info.plist */ = {isa = PBXFileReference; lastKnownFileType = text.plist.xml; path = Info.plist; sourceTree = "<group>"; };
		F34DA8482543E65000D23473 /* FlixsterTests.xctest */ = {isa = PBXFileReference; explicitFileType = wrapper.cfbundle; includeInIndex = 0; path = FlixsterTests.xctest; sourceTree = BUILT_PRODUCTS_DIR; };
		F34DA84C2543E65000D23473 /* FlixsterTests.swift */ = {isa = PBXFileReference; lastKnownFileType = sourcecode.swift; path = FlixsterTests.swift; sourceTree = "<group>"; };
		F34DA84E2543E65000D23473 /* Info.plist */ = {isa = PBXFileReference; lastKnownFileType = text.plist.xml; path = Info.plist; sourceTree = "<group>"; };
		F34DA8532543E65000D23473 /* FlixsterUITests.xctest */ = {isa = PBXFileReference; explicitFileType = wrapper.cfbundle; includeInIndex = 0; path = FlixsterUITests.xctest; sourceTree = BUILT_PRODUCTS_DIR; };
		F34DA8572543E65000D23473 /* FlixsterUITests.swift */ = {isa = PBXFileReference; lastKnownFileType = sourcecode.swift; path = FlixsterUITests.swift; sourceTree = "<group>"; };
		F34DA8592543E65000D23473 /* Info.plist */ = {isa = PBXFileReference; lastKnownFileType = text.plist.xml; path = Info.plist; sourceTree = "<group>"; };
		F34DA86B2543E96A00D23473 /* MoviesViewController.swift */ = {isa = PBXFileReference; lastKnownFileType = sourcecode.swift; path = MoviesViewController.swift; sourceTree = "<group>"; };
		F34DA8702543F54600D23473 /* MovieCell.swift */ = {isa = PBXFileReference; lastKnownFileType = sourcecode.swift; path = MovieCell.swift; sourceTree = "<group>"; };
/* End PBXFileReference section */

/* Begin PBXFrameworksBuildPhase section */
		F34DA82F2543E64E00D23473 /* Frameworks */ = {
			isa = PBXFrameworksBuildPhase;
			buildActionMask = 2147483647;
			files = (
				90CFBE493A24E49BE6EAC6E9 /* Pods_Flixster.framework in Frameworks */,
			);
			runOnlyForDeploymentPostprocessing = 0;
		};
		F34DA8452543E65000D23473 /* Frameworks */ = {
			isa = PBXFrameworksBuildPhase;
			buildActionMask = 2147483647;
			files = (
				36079F4BBC8F3B6B55FBC74E /* Pods_FlixsterTests.framework in Frameworks */,
			);
			runOnlyForDeploymentPostprocessing = 0;
		};
		F34DA8502543E65000D23473 /* Frameworks */ = {
			isa = PBXFrameworksBuildPhase;
			buildActionMask = 2147483647;
			files = (
				06A83EE1CC5AE793C9B7A78B /* Pods_Flixster_FlixsterUITests.framework in Frameworks */,
			);
			runOnlyForDeploymentPostprocessing = 0;
		};
/* End PBXFrameworksBuildPhase section */

/* Begin PBXGroup section */
		99D7280543820B82EE2010DC /* Pods */ = {
			isa = PBXGroup;
			children = (
				69E1E90C2F3C0F49F47B1027 /* Pods-Flixster.debug.xcconfig */,
				6122DD7791DC174C890ADB54 /* Pods-Flixster.release.xcconfig */,
				497E9CD70AE047837315A0E0 /* Pods-Flixster-FlixsterUITests.debug.xcconfig */,
				9FFB6BE8B886594958458588 /* Pods-Flixster-FlixsterUITests.release.xcconfig */,
				E36E70E90DA42B329EEFE918 /* Pods-FlixsterTests.debug.xcconfig */,
				8AC1830C741AA18F58D2AA98 /* Pods-FlixsterTests.release.xcconfig */,
			);
			path = Pods;
			sourceTree = "<group>";
		};
		DA8D29547B87E3D56F68D79B /* Frameworks */ = {
			isa = PBXGroup;
			children = (
				EAA563C8D5F25BCFC95F471A /* Pods_Flixster.framework */,
				7A1A691F0785691F72C96C41 /* Pods_Flixster_FlixsterUITests.framework */,
				08830E3094595ABB17764265 /* Pods_FlixsterTests.framework */,
			);
			name = Frameworks;
			sourceTree = "<group>";
		};
		F34DA8292543E64E00D23473 = {
			isa = PBXGroup;
			children = (
				F34DA8342543E64E00D23473 /* Flixster */,
				F34DA84B2543E65000D23473 /* FlixsterTests */,
				F34DA8562543E65000D23473 /* FlixsterUITests */,
				F34DA8332543E64E00D23473 /* Products */,
				99D7280543820B82EE2010DC /* Pods */,
				DA8D29547B87E3D56F68D79B /* Frameworks */,
			);
			sourceTree = "<group>";
		};
		F34DA8332543E64E00D23473 /* Products */ = {
			isa = PBXGroup;
			children = (
				F34DA8322543E64E00D23473 /* Flixster.app */,
				F34DA8482543E65000D23473 /* FlixsterTests.xctest */,
				F34DA8532543E65000D23473 /* FlixsterUITests.xctest */,
			);
			name = Products;
			sourceTree = "<group>";
		};
		F34DA8342543E64E00D23473 /* Flixster */ = {
			isa = PBXGroup;
			children = (
				F34DA8352543E64E00D23473 /* AppDelegate.swift */,
				F34DA8372543E64E00D23473 /* SceneDelegate.swift */,
				F34DA83B2543E64E00D23473 /* Main.storyboard */,
				F34DA8702543F54600D23473 /* MovieCell.swift */,
				F34DA83E2543E65000D23473 /* Assets.xcassets */,
				F34DA8402543E65000D23473 /* LaunchScreen.storyboard */,
				F34DA8432543E65000D23473 /* Info.plist */,
				F34DA86B2543E96A00D23473 /* MoviesViewController.swift */,
				F32C891D254D902200911FB7 /* MovieDetailsViewController.swift */,
				F32C8922254E129000911FB7 /* MovieGridViewController.swift */,
				F32C8927254E5B5B00911FB7 /* MovieGridCell.swift */,
			);
			path = Flixster;
			sourceTree = "<group>";
		};
		F34DA84B2543E65000D23473 /* FlixsterTests */ = {
			isa = PBXGroup;
			children = (
				F34DA84C2543E65000D23473 /* FlixsterTests.swift */,
				F34DA84E2543E65000D23473 /* Info.plist */,
			);
			path = FlixsterTests;
			sourceTree = "<group>";
		};
		F34DA8562543E65000D23473 /* FlixsterUITests */ = {
			isa = PBXGroup;
			children = (
				F34DA8572543E65000D23473 /* FlixsterUITests.swift */,
				F34DA8592543E65000D23473 /* Info.plist */,
			);
			path = FlixsterUITests;
			sourceTree = "<group>";
		};
/* End PBXGroup section */

/* Begin PBXNativeTarget section */
		F34DA8312543E64E00D23473 /* Flixster */ = {
			isa = PBXNativeTarget;
			buildConfigurationList = F34DA85C2543E65000D23473 /* Build configuration list for PBXNativeTarget "Flixster" */;
			buildPhases = (
				2308A9949136B0EA5A9B2DC6 /* [CP] Check Pods Manifest.lock */,
				F34DA82E2543E64E00D23473 /* Sources */,
				F34DA82F2543E64E00D23473 /* Frameworks */,
				F34DA8302543E64E00D23473 /* Resources */,
				FF15FFE136454E685DF0E619 /* [CP] Embed Pods Frameworks */,
			);
			buildRules = (
			);
			dependencies = (
			);
			name = Flixster;
			productName = Flixster;
			productReference = F34DA8322543E64E00D23473 /* Flixster.app */;
			productType = "com.apple.product-type.application";
		};
		F34DA8472543E65000D23473 /* FlixsterTests */ = {
			isa = PBXNativeTarget;
			buildConfigurationList = F34DA85F2543E65000D23473 /* Build configuration list for PBXNativeTarget "FlixsterTests" */;
			buildPhases = (
				F8986D1E64D56B7B4C43251B /* [CP] Check Pods Manifest.lock */,
				F34DA8442543E65000D23473 /* Sources */,
				F34DA8452543E65000D23473 /* Frameworks */,
				F34DA8462543E65000D23473 /* Resources */,
			);
			buildRules = (
			);
			dependencies = (
				F34DA84A2543E65000D23473 /* PBXTargetDependency */,
			);
			name = FlixsterTests;
			productName = FlixsterTests;
			productReference = F34DA8482543E65000D23473 /* FlixsterTests.xctest */;
			productType = "com.apple.product-type.bundle.unit-test";
		};
		F34DA8522543E65000D23473 /* FlixsterUITests */ = {
			isa = PBXNativeTarget;
			buildConfigurationList = F34DA8622543E65000D23473 /* Build configuration list for PBXNativeTarget "FlixsterUITests" */;
			buildPhases = (
				1C8F49CF33440ECCBD46270A /* [CP] Check Pods Manifest.lock */,
				F34DA84F2543E65000D23473 /* Sources */,
				F34DA8502543E65000D23473 /* Frameworks */,
				F34DA8512543E65000D23473 /* Resources */,
				A69707D45D02B76FBF6CC0A6 /* [CP] Embed Pods Frameworks */,
			);
			buildRules = (
			);
			dependencies = (
				F34DA8552543E65000D23473 /* PBXTargetDependency */,
			);
			name = FlixsterUITests;
			productName = FlixsterUITests;
			productReference = F34DA8532543E65000D23473 /* FlixsterUITests.xctest */;
			productType = "com.apple.product-type.bundle.ui-testing";
		};
/* End PBXNativeTarget section */

/* Begin PBXProject section */
		F34DA82A2543E64E00D23473 /* Project object */ = {
			isa = PBXProject;
			attributes = {
				LastSwiftUpdateCheck = 1210;
				LastUpgradeCheck = 1210;
				TargetAttributes = {
					F34DA8312543E64E00D23473 = {
						CreatedOnToolsVersion = 12.1;
					};
					F34DA8472543E65000D23473 = {
						CreatedOnToolsVersion = 12.1;
						TestTargetID = F34DA8312543E64E00D23473;
					};
					F34DA8522543E65000D23473 = {
						CreatedOnToolsVersion = 12.1;
						TestTargetID = F34DA8312543E64E00D23473;
					};
				};
			};
			buildConfigurationList = F34DA82D2543E64E00D23473 /* Build configuration list for PBXProject "Flixster" */;
			compatibilityVersion = "Xcode 9.3";
			developmentRegion = en;
			hasScannedForEncodings = 0;
			knownRegions = (
				en,
				Base,
			);
			mainGroup = F34DA8292543E64E00D23473;
			productRefGroup = F34DA8332543E64E00D23473 /* Products */;
			projectDirPath = "";
			projectRoot = "";
			targets = (
				F34DA8312543E64E00D23473 /* Flixster */,
				F34DA8472543E65000D23473 /* FlixsterTests */,
				F34DA8522543E65000D23473 /* FlixsterUITests */,
			);
		};
/* End PBXProject section */

/* Begin PBXResourcesBuildPhase section */
		F34DA8302543E64E00D23473 /* Resources */ = {
			isa = PBXResourcesBuildPhase;
			buildActionMask = 2147483647;
			files = (
				F34DA8422543E65000D23473 /* LaunchScreen.storyboard in Resources */,
				F34DA83F2543E65000D23473 /* Assets.xcassets in Resources */,
				F34DA83D2543E64E00D23473 /* Main.storyboard in Resources */,
			);
			runOnlyForDeploymentPostprocessing = 0;
		};
		F34DA8462543E65000D23473 /* Resources */ = {
			isa = PBXResourcesBuildPhase;
			buildActionMask = 2147483647;
			files = (
			);
			runOnlyForDeploymentPostprocessing = 0;
		};
		F34DA8512543E65000D23473 /* Resources */ = {
			isa = PBXResourcesBuildPhase;
			buildActionMask = 2147483647;
			files = (
			);
			runOnlyForDeploymentPostprocessing = 0;
		};
/* End PBXResourcesBuildPhase section */

/* Begin PBXShellScriptBuildPhase section */
		1C8F49CF33440ECCBD46270A /* [CP] Check Pods Manifest.lock */ = {
			isa = PBXShellScriptBuildPhase;
			buildActionMask = 2147483647;
			files = (
			);
			inputFileListPaths = (
			);
			inputPaths = (
				"${PODS_PODFILE_DIR_PATH}/Podfile.lock",
				"${PODS_ROOT}/Manifest.lock",
			);
			name = "[CP] Check Pods Manifest.lock";
			outputFileListPaths = (
			);
			outputPaths = (
				"$(DERIVED_FILE_DIR)/Pods-Flixster-FlixsterUITests-checkManifestLockResult.txt",
			);
			runOnlyForDeploymentPostprocessing = 0;
			shellPath = /bin/sh;
			shellScript = "diff \"${PODS_PODFILE_DIR_PATH}/Podfile.lock\" \"${PODS_ROOT}/Manifest.lock\" > /dev/null\nif [ $? != 0 ] ; then\n    # print error to STDERR\n    echo \"error: The sandbox is not in sync with the Podfile.lock. Run 'pod install' or update your CocoaPods installation.\" >&2\n    exit 1\nfi\n# This output is used by Xcode 'outputs' to avoid re-running this script phase.\necho \"SUCCESS\" > \"${SCRIPT_OUTPUT_FILE_0}\"\n";
			showEnvVarsInLog = 0;
		};
		2308A9949136B0EA5A9B2DC6 /* [CP] Check Pods Manifest.lock */ = {
			isa = PBXShellScriptBuildPhase;
			buildActionMask = 2147483647;
			files = (
			);
			inputFileListPaths = (
			);
			inputPaths = (
				"${PODS_PODFILE_DIR_PATH}/Podfile.lock",
				"${PODS_ROOT}/Manifest.lock",
			);
			name = "[CP] Check Pods Manifest.lock";
			outputFileListPaths = (
			);
			outputPaths = (
				"$(DERIVED_FILE_DIR)/Pods-Flixster-checkManifestLockResult.txt",
			);
			runOnlyForDeploymentPostprocessing = 0;
			shellPath = /bin/sh;
			shellScript = "diff \"${PODS_PODFILE_DIR_PATH}/Podfile.lock\" \"${PODS_ROOT}/Manifest.lock\" > /dev/null\nif [ $? != 0 ] ; then\n    # print error to STDERR\n    echo \"error: The sandbox is not in sync with the Podfile.lock. Run 'pod install' or update your CocoaPods installation.\" >&2\n    exit 1\nfi\n# This output is used by Xcode 'outputs' to avoid re-running this script phase.\necho \"SUCCESS\" > \"${SCRIPT_OUTPUT_FILE_0}\"\n";
			showEnvVarsInLog = 0;
		};
		A69707D45D02B76FBF6CC0A6 /* [CP] Embed Pods Frameworks */ = {
			isa = PBXShellScriptBuildPhase;
			buildActionMask = 2147483647;
			files = (
			);
			inputFileListPaths = (
				"${PODS_ROOT}/Target Support Files/Pods-Flixster-FlixsterUITests/Pods-Flixster-FlixsterUITests-frameworks-${CONFIGURATION}-input-files.xcfilelist",
			);
			name = "[CP] Embed Pods Frameworks";
			outputFileListPaths = (
				"${PODS_ROOT}/Target Support Files/Pods-Flixster-FlixsterUITests/Pods-Flixster-FlixsterUITests-frameworks-${CONFIGURATION}-output-files.xcfilelist",
			);
			runOnlyForDeploymentPostprocessing = 0;
			shellPath = /bin/sh;
			shellScript = "\"${PODS_ROOT}/Target Support Files/Pods-Flixster-FlixsterUITests/Pods-Flixster-FlixsterUITests-frameworks.sh\"\n";
			showEnvVarsInLog = 0;
		};
		F8986D1E64D56B7B4C43251B /* [CP] Check Pods Manifest.lock */ = {
			isa = PBXShellScriptBuildPhase;
			buildActionMask = 2147483647;
			files = (
			);
			inputFileListPaths = (
			);
			inputPaths = (
				"${PODS_PODFILE_DIR_PATH}/Podfile.lock",
				"${PODS_ROOT}/Manifest.lock",
			);
			name = "[CP] Check Pods Manifest.lock";
			outputFileListPaths = (
			);
			outputPaths = (
				"$(DERIVED_FILE_DIR)/Pods-FlixsterTests-checkManifestLockResult.txt",
			);
			runOnlyForDeploymentPostprocessing = 0;
			shellPath = /bin/sh;
			shellScript = "diff \"${PODS_PODFILE_DIR_PATH}/Podfile.lock\" \"${PODS_ROOT}/Manifest.lock\" > /dev/null\nif [ $? != 0 ] ; then\n    # print error to STDERR\n    echo \"error: The sandbox is not in sync with the Podfile.lock. Run 'pod install' or update your CocoaPods installation.\" >&2\n    exit 1\nfi\n# This output is used by Xcode 'outputs' to avoid re-running this script phase.\necho \"SUCCESS\" > \"${SCRIPT_OUTPUT_FILE_0}\"\n";
			showEnvVarsInLog = 0;
		};
		FF15FFE136454E685DF0E619 /* [CP] Embed Pods Frameworks */ = {
			isa = PBXShellScriptBuildPhase;
			buildActionMask = 2147483647;
			files = (
			);
			inputFileListPaths = (
				"${PODS_ROOT}/Target Support Files/Pods-Flixster/Pods-Flixster-frameworks-${CONFIGURATION}-input-files.xcfilelist",
			);
			name = "[CP] Embed Pods Frameworks";
			outputFileListPaths = (
				"${PODS_ROOT}/Target Support Files/Pods-Flixster/Pods-Flixster-frameworks-${CONFIGURATION}-output-files.xcfilelist",
			);
			runOnlyForDeploymentPostprocessing = 0;
			shellPath = /bin/sh;
			shellScript = "\"${PODS_ROOT}/Target Support Files/Pods-Flixster/Pods-Flixster-frameworks.sh\"\n";
			showEnvVarsInLog = 0;
		};
/* End PBXShellScriptBuildPhase section */

/* Begin PBXSourcesBuildPhase section */
		F34DA82E2543E64E00D23473 /* Sources */ = {
			isa = PBXSourcesBuildPhase;
			buildActionMask = 2147483647;
			files = (
				F32C891E254D902200911FB7 /* MovieDetailsViewController.swift in Sources */,
				F34DA8362543E64E00D23473 /* AppDelegate.swift in Sources */,
				F34DA8382543E64E00D23473 /* SceneDelegate.swift in Sources */,
				F34DA8712543F54600D23473 /* MovieCell.swift in Sources */,
				F34DA86C2543E96A00D23473 /* MoviesViewController.swift in Sources */,
				F32C8923254E129000911FB7 /* MovieGridViewController.swift in Sources */,
				F32C8928254E5B5B00911FB7 /* MovieGridCell.swift in Sources */,
			);
			runOnlyForDeploymentPostprocessing = 0;
		};
		F34DA8442543E65000D23473 /* Sources */ = {
			isa = PBXSourcesBuildPhase;
			buildActionMask = 2147483647;
			files = (
				F34DA84D2543E65000D23473 /* FlixsterTests.swift in Sources */,
			);
			runOnlyForDeploymentPostprocessing = 0;
		};
		F34DA84F2543E65000D23473 /* Sources */ = {
			isa = PBXSourcesBuildPhase;
			buildActionMask = 2147483647;
			files = (
				F34DA8582543E65000D23473 /* FlixsterUITests.swift in Sources */,
			);
			runOnlyForDeploymentPostprocessing = 0;
		};
/* End PBXSourcesBuildPhase section */

/* Begin PBXTargetDependency section */
		F34DA84A2543E65000D23473 /* PBXTargetDependency */ = {
			isa = PBXTargetDependency;
			target = F34DA8312543E64E00D23473 /* Flixster */;
			targetProxy = F34DA8492543E65000D23473 /* PBXContainerItemProxy */;
		};
		F34DA8552543E65000D23473 /* PBXTargetDependency */ = {
			isa = PBXTargetDependency;
			target = F34DA8312543E64E00D23473 /* Flixster */;
			targetProxy = F34DA8542543E65000D23473 /* PBXContainerItemProxy */;
		};
/* End PBXTargetDependency section */

/* Begin PBXVariantGroup section */
		F34DA83B2543E64E00D23473 /* Main.storyboard */ = {
			isa = PBXVariantGroup;
			children = (
				F34DA83C2543E64E00D23473 /* Base */,
			);
			name = Main.storyboard;
			sourceTree = "<group>";
		};
		F34DA8402543E65000D23473 /* LaunchScreen.storyboard */ = {
			isa = PBXVariantGroup;
			children = (
				F34DA8412543E65000D23473 /* Base */,
			);
			name = LaunchScreen.storyboard;
			sourceTree = "<group>";
		};
/* End PBXVariantGroup section */

/* Begin XCBuildConfiguration section */
		F34DA85A2543E65000D23473 /* Debug */ = {
			isa = XCBuildConfiguration;
			buildSettings = {
				ALWAYS_SEARCH_USER_PATHS = NO;
				CLANG_ANALYZER_NONNULL = YES;
				CLANG_ANALYZER_NUMBER_OBJECT_CONVERSION = YES_AGGRESSIVE;
				CLANG_CXX_LANGUAGE_STANDARD = "gnu++14";
				CLANG_CXX_LIBRARY = "libc++";
				CLANG_ENABLE_MODULES = YES;
				CLANG_ENABLE_OBJC_ARC = YES;
				CLANG_ENABLE_OBJC_WEAK = YES;
				CLANG_WARN_BLOCK_CAPTURE_AUTORELEASING = YES;
				CLANG_WARN_BOOL_CONVERSION = YES;
				CLANG_WARN_COMMA = YES;
				CLANG_WARN_CONSTANT_CONVERSION = YES;
				CLANG_WARN_DEPRECATED_OBJC_IMPLEMENTATIONS = YES;
				CLANG_WARN_DIRECT_OBJC_ISA_USAGE = YES_ERROR;
				CLANG_WARN_DOCUMENTATION_COMMENTS = YES;
				CLANG_WARN_EMPTY_BODY = YES;
				CLANG_WARN_ENUM_CONVERSION = YES;
				CLANG_WARN_INFINITE_RECURSION = YES;
				CLANG_WARN_INT_CONVERSION = YES;
				CLANG_WARN_NON_LITERAL_NULL_CONVERSION = YES;
				CLANG_WARN_OBJC_IMPLICIT_RETAIN_SELF = YES;
				CLANG_WARN_OBJC_LITERAL_CONVERSION = YES;
				CLANG_WARN_OBJC_ROOT_CLASS = YES_ERROR;
				CLANG_WARN_QUOTED_INCLUDE_IN_FRAMEWORK_HEADER = YES;
				CLANG_WARN_RANGE_LOOP_ANALYSIS = YES;
				CLANG_WARN_STRICT_PROTOTYPES = YES;
				CLANG_WARN_SUSPICIOUS_MOVE = YES;
				CLANG_WARN_UNGUARDED_AVAILABILITY = YES_AGGRESSIVE;
				CLANG_WARN_UNREACHABLE_CODE = YES;
				CLANG_WARN__DUPLICATE_METHOD_MATCH = YES;
				COPY_PHASE_STRIP = NO;
				DEBUG_INFORMATION_FORMAT = dwarf;
				ENABLE_STRICT_OBJC_MSGSEND = YES;
				ENABLE_TESTABILITY = YES;
				GCC_C_LANGUAGE_STANDARD = gnu11;
				GCC_DYNAMIC_NO_PIC = NO;
				GCC_NO_COMMON_BLOCKS = YES;
				GCC_OPTIMIZATION_LEVEL = 0;
				GCC_PREPROCESSOR_DEFINITIONS = (
					"DEBUG=1",
					"$(inherited)",
				);
				GCC_WARN_64_TO_32_BIT_CONVERSION = YES;
				GCC_WARN_ABOUT_RETURN_TYPE = YES_ERROR;
				GCC_WARN_UNDECLARED_SELECTOR = YES;
				GCC_WARN_UNINITIALIZED_AUTOS = YES_AGGRESSIVE;
				GCC_WARN_UNUSED_FUNCTION = YES;
				GCC_WARN_UNUSED_VARIABLE = YES;
				IPHONEOS_DEPLOYMENT_TARGET = 14.1;
				MTL_ENABLE_DEBUG_INFO = INCLUDE_SOURCE;
				MTL_FAST_MATH = YES;
				ONLY_ACTIVE_ARCH = YES;
				SDKROOT = iphoneos;
				SWIFT_ACTIVE_COMPILATION_CONDITIONS = DEBUG;
				SWIFT_OPTIMIZATION_LEVEL = "-Onone";
			};
			name = Debug;
		};
		F34DA85B2543E65000D23473 /* Release */ = {
			isa = XCBuildConfiguration;
			buildSettings = {
				ALWAYS_SEARCH_USER_PATHS = NO;
				CLANG_ANALYZER_NONNULL = YES;
				CLANG_ANALYZER_NUMBER_OBJECT_CONVERSION = YES_AGGRESSIVE;
				CLANG_CXX_LANGUAGE_STANDARD = "gnu++14";
				CLANG_CXX_LIBRARY = "libc++";
				CLANG_ENABLE_MODULES = YES;
				CLANG_ENABLE_OBJC_ARC = YES;
				CLANG_ENABLE_OBJC_WEAK = YES;
				CLANG_WARN_BLOCK_CAPTURE_AUTORELEASING = YES;
				CLANG_WARN_BOOL_CONVERSION = YES;
				CLANG_WARN_COMMA = YES;
				CLANG_WARN_CONSTANT_CONVERSION = YES;
				CLANG_WARN_DEPRECATED_OBJC_IMPLEMENTATIONS = YES;
				CLANG_WARN_DIRECT_OBJC_ISA_USAGE = YES_ERROR;
				CLANG_WARN_DOCUMENTATION_COMMENTS = YES;
				CLANG_WARN_EMPTY_BODY = YES;
				CLANG_WARN_ENUM_CONVERSION = YES;
				CLANG_WARN_INFINITE_RECURSION = YES;
				CLANG_WARN_INT_CONVERSION = YES;
				CLANG_WARN_NON_LITERAL_NULL_CONVERSION = YES;
				CLANG_WARN_OBJC_IMPLICIT_RETAIN_SELF = YES;
				CLANG_WARN_OBJC_LITERAL_CONVERSION = YES;
				CLANG_WARN_OBJC_ROOT_CLASS = YES_ERROR;
				CLANG_WARN_QUOTED_INCLUDE_IN_FRAMEWORK_HEADER = YES;
				CLANG_WARN_RANGE_LOOP_ANALYSIS = YES;
				CLANG_WARN_STRICT_PROTOTYPES = YES;
				CLANG_WARN_SUSPICIOUS_MOVE = YES;
				CLANG_WARN_UNGUARDED_AVAILABILITY = YES_AGGRESSIVE;
				CLANG_WARN_UNREACHABLE_CODE = YES;
				CLANG_WARN__DUPLICATE_METHOD_MATCH = YES;
				COPY_PHASE_STRIP = NO;
				DEBUG_INFORMATION_FORMAT = "dwarf-with-dsym";
				ENABLE_NS_ASSERTIONS = NO;
				ENABLE_STRICT_OBJC_MSGSEND = YES;
				GCC_C_LANGUAGE_STANDARD = gnu11;
				GCC_NO_COMMON_BLOCKS = YES;
				GCC_WARN_64_TO_32_BIT_CONVERSION = YES;
				GCC_WARN_ABOUT_RETURN_TYPE = YES_ERROR;
				GCC_WARN_UNDECLARED_SELECTOR = YES;
				GCC_WARN_UNINITIALIZED_AUTOS = YES_AGGRESSIVE;
				GCC_WARN_UNUSED_FUNCTION = YES;
				GCC_WARN_UNUSED_VARIABLE = YES;
				IPHONEOS_DEPLOYMENT_TARGET = 14.1;
				MTL_ENABLE_DEBUG_INFO = NO;
				MTL_FAST_MATH = YES;
				SDKROOT = iphoneos;
				SWIFT_COMPILATION_MODE = wholemodule;
				SWIFT_OPTIMIZATION_LEVEL = "-O";
				VALIDATE_PRODUCT = YES;
			};
			name = Release;
		};
		F34DA85D2543E65000D23473 /* Debug */ = {
			isa = XCBuildConfiguration;
			baseConfigurationReference = 69E1E90C2F3C0F49F47B1027 /* Pods-Flixster.debug.xcconfig */;
			buildSettings = {
				ASSETCATALOG_COMPILER_APPICON_NAME = AppIcon;
				ASSETCATALOG_COMPILER_GLOBAL_ACCENT_COLOR_NAME = AccentColor;
				CODE_SIGN_STYLE = Automatic;
				INFOPLIST_FILE = Flixster/Info.plist;
				LD_RUNPATH_SEARCH_PATHS = (
					"$(inherited)",
					"@executable_path/Frameworks",
				);
				PRODUCT_BUNDLE_IDENTIFIER = CodePath.Flixster;
				PRODUCT_NAME = "$(TARGET_NAME)";
				SWIFT_VERSION = 5.0;
				TARGETED_DEVICE_FAMILY = "1,2";
			};
			name = Debug;
		};
		F34DA85E2543E65000D23473 /* Release */ = {
			isa = XCBuildConfiguration;
			baseConfigurationReference = 6122DD7791DC174C890ADB54 /* Pods-Flixster.release.xcconfig */;
			buildSettings = {
				ASSETCATALOG_COMPILER_APPICON_NAME = AppIcon;
				ASSETCATALOG_COMPILER_GLOBAL_ACCENT_COLOR_NAME = AccentColor;
				CODE_SIGN_STYLE = Automatic;
				INFOPLIST_FILE = Flixster/Info.plist;
				LD_RUNPATH_SEARCH_PATHS = (
					"$(inherited)",
					"@executable_path/Frameworks",
				);
				PRODUCT_BUNDLE_IDENTIFIER = CodePath.Flixster;
				PRODUCT_NAME = "$(TARGET_NAME)";
				SWIFT_VERSION = 5.0;
				TARGETED_DEVICE_FAMILY = "1,2";
			};
			name = Release;
		};
		F34DA8602543E65000D23473 /* Debug */ = {
			isa = XCBuildConfiguration;
			baseConfigurationReference = E36E70E90DA42B329EEFE918 /* Pods-FlixsterTests.debug.xcconfig */;
			buildSettings = {
				ALWAYS_EMBED_SWIFT_STANDARD_LIBRARIES = YES;
				BUNDLE_LOADER = "$(TEST_HOST)";
				CODE_SIGN_STYLE = Automatic;
				INFOPLIST_FILE = FlixsterTests/Info.plist;
				IPHONEOS_DEPLOYMENT_TARGET = 14.1;
				LD_RUNPATH_SEARCH_PATHS = (
					"$(inherited)",
					"@executable_path/Frameworks",
					"@loader_path/Frameworks",
				);
				PRODUCT_BUNDLE_IDENTIFIER = CodePath.FlixsterTests;
				PRODUCT_NAME = "$(TARGET_NAME)";
				SWIFT_VERSION = 5.0;
				TARGETED_DEVICE_FAMILY = "1,2";
				TEST_HOST = "$(BUILT_PRODUCTS_DIR)/Flixster.app/Flixster";
			};
			name = Debug;
		};
		F34DA8612543E65000D23473 /* Release */ = {
			isa = XCBuildConfiguration;
			baseConfigurationReference = 8AC1830C741AA18F58D2AA98 /* Pods-FlixsterTests.release.xcconfig */;
			buildSettings = {
				ALWAYS_EMBED_SWIFT_STANDARD_LIBRARIES = YES;
				BUNDLE_LOADER = "$(TEST_HOST)";
				CODE_SIGN_STYLE = Automatic;
				INFOPLIST_FILE = FlixsterTests/Info.plist;
				IPHONEOS_DEPLOYMENT_TARGET = 14.1;
				LD_RUNPATH_SEARCH_PATHS = (
					"$(inherited)",
					"@executable_path/Frameworks",
					"@loader_path/Frameworks",
				);
				PRODUCT_BUNDLE_IDENTIFIER = CodePath.FlixsterTests;
				PRODUCT_NAME = "$(TARGET_NAME)";
				SWIFT_VERSION = 5.0;
				TARGETED_DEVICE_FAMILY = "1,2";
				TEST_HOST = "$(BUILT_PRODUCTS_DIR)/Flixster.app/Flixster";
			};
			name = Release;
		};
		F34DA8632543E65000D23473 /* Debug */ = {
			isa = XCBuildConfiguration;
			baseConfigurationReference = 497E9CD70AE047837315A0E0 /* Pods-Flixster-FlixsterUITests.debug.xcconfig */;
			buildSettings = {
				ALWAYS_EMBED_SWIFT_STANDARD_LIBRARIES = YES;
				CODE_SIGN_STYLE = Automatic;
				INFOPLIST_FILE = FlixsterUITests/Info.plist;
				LD_RUNPATH_SEARCH_PATHS = (
					"$(inherited)",
					"@executable_path/Frameworks",
					"@loader_path/Frameworks",
				);
				PRODUCT_BUNDLE_IDENTIFIER = CodePath.FlixsterUITests;
				PRODUCT_NAME = "$(TARGET_NAME)";
				SWIFT_VERSION = 5.0;
				TARGETED_DEVICE_FAMILY = "1,2";
				TEST_TARGET_NAME = Flixster;
			};
			name = Debug;
		};
		F34DA8642543E65000D23473 /* Release */ = {
			isa = XCBuildConfiguration;
			baseConfigurationReference = 9FFB6BE8B886594958458588 /* Pods-Flixster-FlixsterUITests.release.xcconfig */;
			buildSettings = {
				ALWAYS_EMBED_SWIFT_STANDARD_LIBRARIES = YES;
				CODE_SIGN_STYLE = Automatic;
				INFOPLIST_FILE = FlixsterUITests/Info.plist;
				LD_RUNPATH_SEARCH_PATHS = (
					"$(inherited)",
					"@executable_path/Frameworks",
					"@loader_path/Frameworks",
				);
				PRODUCT_BUNDLE_IDENTIFIER = CodePath.FlixsterUITests;
				PRODUCT_NAME = "$(TARGET_NAME)";
				SWIFT_VERSION = 5.0;
				TARGETED_DEVICE_FAMILY = "1,2";
				TEST_TARGET_NAME = Flixster;
			};
			name = Release;
		};
/* End XCBuildConfiguration section */

/* Begin XCConfigurationList section */
		F34DA82D2543E64E00D23473 /* Build configuration list for PBXProject "Flixster" */ = {
			isa = XCConfigurationList;
			buildConfigurations = (
				F34DA85A2543E65000D23473 /* Debug */,
				F34DA85B2543E65000D23473 /* Release */,
			);
			defaultConfigurationIsVisible = 0;
			defaultConfigurationName = Release;
		};
		F34DA85C2543E65000D23473 /* Build configuration list for PBXNativeTarget "Flixster" */ = {
			isa = XCConfigurationList;
			buildConfigurations = (
				F34DA85D2543E65000D23473 /* Debug */,
				F34DA85E2543E65000D23473 /* Release */,
			);
			defaultConfigurationIsVisible = 0;
			defaultConfigurationName = Release;
		};
		F34DA85F2543E65000D23473 /* Build configuration list for PBXNativeTarget "FlixsterTests" */ = {
			isa = XCConfigurationList;
			buildConfigurations = (
				F34DA8602543E65000D23473 /* Debug */,
				F34DA8612543E65000D23473 /* Release */,
			);
			defaultConfigurationIsVisible = 0;
			defaultConfigurationName = Release;
		};
		F34DA8622543E65000D23473 /* Build configuration list for PBXNativeTarget "FlixsterUITests" */ = {
			isa = XCConfigurationList;
			buildConfigurations = (
				F34DA8632543E65000D23473 /* Debug */,
				F34DA8642543E65000D23473 /* Release */,
			);
			defaultConfigurationIsVisible = 0;
			defaultConfigurationName = Release;
		};
/* End XCConfigurationList section */
	};
	rootObject = F34DA82A2543E64E00D23473 /* Project object */;
}
